
Microsoft Visual Studio Solution File, Format Version 12.00
# Visual Studio Version 16
VisualStudioVersion = 16.0.30621.155
MinimumVisualStudioVersion = 10.0.40219.1
Project("{FAE04EC0-301F-11D3-BF4B-00C04F79EFBC}") = "WcfPosada", "WcfPosada\WcfPosada.csproj", "{82B8393A-CAB5-4F75-A496-74181F1ED84C}"
EndProject
Project("{FAE04EC0-301F-11D3-BF4B-00C04F79EFBC}") = "ApplicationPosada", "ApplicationPosada\ApplicationPosada.csproj", "{26AAE431-7639-4403-AEDE-73B4F7F07936}"
	ProjectSection(ProjectDependencies) = postProject
		{82B8393A-CAB5-4F75-A496-74181F1ED84C} = {82B8393A-CAB5-4F75-A496-74181F1ED84C}
	EndProjectSection
EndProject
Global
	GlobalSection(SolutionConfigurationPlatforms) = preSolution
		Debug|Any CPU = Debug|Any CPU
		Release|Any CPU = Release|Any CPU
	EndGlobalSection
	GlobalSection(ProjectConfigurationPlatforms) = postSolution
		{82B8393A-CAB5-4F75-A496-74181F1ED84C}.Debug|Any CPU.ActiveCfg = Debug|Any CPU
		{82B8393A-CAB5-4F75-A496-74181F1ED84C}.Debug|Any CPU.Build.0 = Debug|Any CPU
		{82B8393A-CAB5-4F75-A496-74181F1ED84C}.Release|Any CPU.ActiveCfg = Release|Any CPU
		{82B8393A-CAB5-4F75-A496-74181F1ED84C}.Release|Any CPU.Build.0 = Release|Any CPU
		{26AAE431-7639-4403-AEDE-73B4F7F07936}.Debug|Any CPU.ActiveCfg = Debug|Any CPU
		{26AAE431-7639-4403-AEDE-73B4F7F07936}.Debug|Any CPU.Build.0 = Debug|Any CPU
		{26AAE431-7639-4403-AEDE-73B4F7F07936}.Release|Any CPU.ActiveCfg = Release|Any CPU
		{26AAE431-7639-4403-AEDE-73B4F7F07936}.Release|Any CPU.Build.0 = Release|Any CPU
	EndGlobalSection
	GlobalSection(SolutionProperties) = preSolution
		HideSolutionNode = FALSE
	EndGlobalSection
	GlobalSection(ExtensibilityGlobals) = postSolution
		SolutionGuid = {8EC54FB9-43BC-42E7-95F4-A4D7507E9FDB}
	EndGlobalSection
EndGlobal
